
Microsoft Visual Studio Solution File, Format Version 12.00
# Visual Studio Version 17
VisualStudioVersion = 17.10.35013.160
MinimumVisualStudioVersion = 10.0.40219.1
Project("{FAE04EC0-301F-11D3-BF4B-00C04F79EFBC}") = "Bai14", "Bai14\Bai14.csproj", "{43DD0DA0-CC5D-4A06-BD33-3B5C1C702B6F}"
EndProject
Project("{FAE04EC0-301F-11D3-BF4B-00C04F79EFBC}") = "CallCostCalculatorTests", "CallCostCalculatorTests\CallCostCalculatorTests.csproj", "{5EE79035-86C5-4725-9AC1-DC35F98FAC32}"
EndProject
Global
	GlobalSection(SolutionConfigurationPlatforms) = preSolution
		Debug|Any CPU = Debug|Any CPU
		Release|Any CPU = Release|Any CPU
	EndGlobalSection
	GlobalSection(ProjectConfigurationPlatforms) = postSolution
		{43DD0DA0-CC5D-4A06-BD33-3B5C1C702B6F}.Debug|Any CPU.ActiveCfg = Debug|Any CPU
		{43DD0DA0-CC5D-4A06-BD33-3B5C1C702B6F}.Debug|Any CPU.Build.0 = Debug|Any CPU
		{43DD0DA0-CC5D-4A06-BD33-3B5C1C702B6F}.Release|Any CPU.ActiveCfg = Release|Any CPU
		{43DD0DA0-CC5D-4A06-BD33-3B5C1C702B6F}.Release|Any CPU.Build.0 = Release|Any CPU
		{5EE79035-86C5-4725-9AC1-DC35F98FAC32}.Debug|Any CPU.ActiveCfg = Debug|Any CPU
		{5EE79035-86C5-4725-9AC1-DC35F98FAC32}.Debug|Any CPU.Build.0 = Debug|Any CPU
		{5EE79035-86C5-4725-9AC1-DC35F98FAC32}.Release|Any CPU.ActiveCfg = Release|Any CPU
		{5EE79035-86C5-4725-9AC1-DC35F98FAC32}.Release|Any CPU.Build.0 = Release|Any CPU
	EndGlobalSection
	GlobalSection(SolutionProperties) = preSolution
		HideSolutionNode = FALSE
	EndGlobalSection
	GlobalSection(ExtensibilityGlobals) = postSolution
		SolutionGuid = {6D1CE9F8-F6B4-4B6C-A53B-006DF4A35B25}
	EndGlobalSection
EndGlobal
