
Microsoft Visual Studio Solution File, Format Version 12.00
# Visual Studio Version 17
VisualStudioVersion = 17.10.35013.160
MinimumVisualStudioVersion = 10.0.40219.1
Project("{FAE04EC0-301F-11D3-BF4B-00C04F79EFBC}") = "Bai12", "Bai12\Bai12.csproj", "{6A9D3BF5-A7DC-4D5D-9C65-E59F87C12FDB}"
EndProject
Project("{FAE04EC0-301F-11D3-BF4B-00C04F79EFBC}") = "QuickSortTests", "QuickSortTests\QuickSortTests.csproj", "{6192EC31-A151-4F78-BF32-A7100F6CC37B}"
EndProject
Global
	GlobalSection(SolutionConfigurationPlatforms) = preSolution
		Debug|Any CPU = Debug|Any CPU
		Release|Any CPU = Release|Any CPU
	EndGlobalSection
	GlobalSection(ProjectConfigurationPlatforms) = postSolution
		{6A9D3BF5-A7DC-4D5D-9C65-E59F87C12FDB}.Debug|Any CPU.ActiveCfg = Debug|Any CPU
		{6A9D3BF5-A7DC-4D5D-9C65-E59F87C12FDB}.Debug|Any CPU.Build.0 = Debug|Any CPU
		{6A9D3BF5-A7DC-4D5D-9C65-E59F87C12FDB}.Release|Any CPU.ActiveCfg = Release|Any CPU
		{6A9D3BF5-A7DC-4D5D-9C65-E59F87C12FDB}.Release|Any CPU.Build.0 = Release|Any CPU
		{6192EC31-A151-4F78-BF32-A7100F6CC37B}.Debug|Any CPU.ActiveCfg = Debug|Any CPU
		{6192EC31-A151-4F78-BF32-A7100F6CC37B}.Debug|Any CPU.Build.0 = Debug|Any CPU
		{6192EC31-A151-4F78-BF32-A7100F6CC37B}.Release|Any CPU.ActiveCfg = Release|Any CPU
		{6192EC31-A151-4F78-BF32-A7100F6CC37B}.Release|Any CPU.Build.0 = Release|Any CPU
	EndGlobalSection
	GlobalSection(SolutionProperties) = preSolution
		HideSolutionNode = FALSE
	EndGlobalSection
	GlobalSection(ExtensibilityGlobals) = postSolution
		SolutionGuid = {9E98201C-A52B-4098-8ED1-BE14D20A44F7}
	EndGlobalSection
EndGlobal
