
Microsoft Visual Studio Solution File, Format Version 12.00
# Visual Studio Version 17
VisualStudioVersion = 17.10.35013.160
MinimumVisualStudioVersion = 10.0.40219.1
Project("{FAE04EC0-301F-11D3-BF4B-00C04F79EFBC}") = "Bai2", "Bai2\Bai2.csproj", "{B2A63798-D1C8-45BB-B3B9-F75618046597}"
EndProject
Project("{FAE04EC0-301F-11D3-BF4B-00C04F79EFBC}") = "TetsTong", "TetsTong\TetsTong.csproj", "{F835D9A5-D377-4650-896A-489BA17DC67F}"
EndProject
Global
	GlobalSection(SolutionConfigurationPlatforms) = preSolution
		Debug|Any CPU = Debug|Any CPU
		Release|Any CPU = Release|Any CPU
	EndGlobalSection
	GlobalSection(ProjectConfigurationPlatforms) = postSolution
		{B2A63798-D1C8-45BB-B3B9-F75618046597}.Debug|Any CPU.ActiveCfg = Debug|Any CPU
		{B2A63798-D1C8-45BB-B3B9-F75618046597}.Debug|Any CPU.Build.0 = Debug|Any CPU
		{B2A63798-D1C8-45BB-B3B9-F75618046597}.Release|Any CPU.ActiveCfg = Release|Any CPU
		{B2A63798-D1C8-45BB-B3B9-F75618046597}.Release|Any CPU.Build.0 = Release|Any CPU
		{F835D9A5-D377-4650-896A-489BA17DC67F}.Debug|Any CPU.ActiveCfg = Debug|Any CPU
		{F835D9A5-D377-4650-896A-489BA17DC67F}.Debug|Any CPU.Build.0 = Debug|Any CPU
		{F835D9A5-D377-4650-896A-489BA17DC67F}.Release|Any CPU.ActiveCfg = Release|Any CPU
		{F835D9A5-D377-4650-896A-489BA17DC67F}.Release|Any CPU.Build.0 = Release|Any CPU
	EndGlobalSection
	GlobalSection(SolutionProperties) = preSolution
		HideSolutionNode = FALSE
	EndGlobalSection
	GlobalSection(ExtensibilityGlobals) = postSolution
		SolutionGuid = {98DA2351-02BF-4EA7-9710-2ED738928436}
	EndGlobalSection
EndGlobal
